
Microsoft Visual Studio Solution File, Format Version 11.00
# Visual Studio 2010
Project("{2150E333-8FDC-42A3-9474-1A3956D46DE8}") = "Solution Items", "Solution Items", "{45BAC773-F236-42D2-B97A-7B53E0114D71}"
	ProjectSection(SolutionItems) = preProject
		color.html = color.html
		grok-text.html = grok-text.html
		HTMLPage5.htm = HTMLPage5.htm
		sample1.html = sample1.html
		sample10.html = sample10.html
		sample100.html = sample100.html
		sample11.html = sample11.html
		sample12.html = sample12.html
		sample13.html = sample13.html
		sample14.html = sample14.html
		sample15.html = sample15.html
		sample16.html = sample16.html
		sample17.html = sample17.html
		sample18.html = sample18.html
		sample19.html = sample19.html
		sample2.html = sample2.html
		sample20.html = sample20.html
		sample21.html = sample21.html
		sample22.html = sample22.html
		sample23.html = sample23.html
		sample24.html = sample24.html
		sample25.html = sample25.html
		sample26.html = sample26.html
		sample27.html = sample27.html
		sample28.html = sample28.html
		sample29.html = sample29.html
		sample3.html = sample3.html
		sample30.html = sample30.html
		sample31.html = sample31.html
		sample32.html = sample32.html
		sample33.html = sample33.html
		sample34.html = sample34.html
		sample35.html = sample35.html
		sample36.html = sample36.html
		sample37.html = sample37.html
		sample38.html = sample38.html
		sample39.html = sample39.html
		sample4.html = sample4.html
		sample40.html = sample40.html
		sample41.html = sample41.html
		sample42.html = sample42.html
		sample43.html = sample43.html
		sample44.html = sample44.html
		sample45.html = sample45.html
		sample46.html = sample46.html
		sample47.html = sample47.html
		sample48.html = sample48.html
		sample49.html = sample49.html
		sample5.html = sample5.html
		sample50.html = sample50.html
		sample51.html = sample51.html
		sample52.html = sample52.html
		sample53.html = sample53.html
		sample54.html = sample54.html
		sample55.html = sample55.html
		sample56.html = sample56.html
		sample57.html = sample57.html
		sample58.html = sample58.html
		sample59.html = sample59.html
		sample6.html = sample6.html
		sample60.html = sample60.html
		sample61.html = sample61.html
		sample62.html = sample62.html
		sample63.html = sample63.html
		sample64.html = sample64.html
		sample65.html = sample65.html
		sample66.html = sample66.html
		sample67.html = sample67.html
		sample68.html = sample68.html
		sample69.html = sample69.html
		sample7.html = sample7.html
		sample70.html = sample70.html
		sample71.html = sample71.html
		sample72.html = sample72.html
		sample73.html = sample73.html
		sample74.html = sample74.html
		sample75.html = sample75.html
		sample76.html = sample76.html
		sample77.html = sample77.html
		sample78.html = sample78.html
		sample79.html = sample79.html
		sample8.html = sample8.html
		sample80.html = sample80.html
		sample81.html = sample81.html
		sample82.html = sample82.html
		sample83.html = sample83.html
		sample84.html = sample84.html
		sample85.html = sample85.html
		sample86.html = sample86.html
		sample87.html = sample87.html
		sample88.html = sample88.html
		sample89.html = sample89.html
		sample9.html = sample9.html
		sample90.html = sample90.html
		sample91.html = sample91.html
		sample92.html = sample92.html
		sample93.html = sample93.html
		sample94.html = sample94.html
		sample95.html = sample95.html
		sample96.html = sample96.html
		sample97.html = sample97.html
		sample98.html = sample98.html
		sample99.html = sample99.html
	EndProjectSection
EndProject
Global
	GlobalSection(SolutionProperties) = preSolution
		HideSolutionNode = FALSE
	EndGlobalSection
EndGlobal
